
Microsoft Visual Studio Solution File, Format Version 12.00
# Visual Studio Version 17
VisualStudioVersion = 17.9.34902.65
MinimumVisualStudioVersion = 10.0.40219.1
Project("{9A19103F-16F7-4668-BE54-9A1E7A4F7556}") = "DAL", "DAL\DAL.csproj", "{9BDF5C81-A192-49FB-86CC-2552C5B3F7D5}"
EndProject
Project("{FAE04EC0-301F-11D3-BF4B-00C04F79EFBC}") = "Entities", "Entities\Entities.csproj", "{1E6173A4-8CA4-4F75-A518-53DF746A0DAE}"
EndProject
Global
	GlobalSection(SolutionConfigurationPlatforms) = preSolution
		Debug|Any CPU = Debug|Any CPU
		Release|Any CPU = Release|Any CPU
	EndGlobalSection
	GlobalSection(ProjectConfigurationPlatforms) = postSolution
		{9BDF5C81-A192-49FB-86CC-2552C5B3F7D5}.Debug|Any CPU.ActiveCfg = Debug|Any CPU
		{9BDF5C81-A192-49FB-86CC-2552C5B3F7D5}.Debug|Any CPU.Build.0 = Debug|Any CPU
		{9BDF5C81-A192-49FB-86CC-2552C5B3F7D5}.Release|Any CPU.ActiveCfg = Release|Any CPU
		{9BDF5C81-A192-49FB-86CC-2552C5B3F7D5}.Release|Any CPU.Build.0 = Release|Any CPU
		{1E6173A4-8CA4-4F75-A518-53DF746A0DAE}.Debug|Any CPU.ActiveCfg = Debug|Any CPU
		{1E6173A4-8CA4-4F75-A518-53DF746A0DAE}.Debug|Any CPU.Build.0 = Debug|Any CPU
		{1E6173A4-8CA4-4F75-A518-53DF746A0DAE}.Release|Any CPU.ActiveCfg = Release|Any CPU
		{1E6173A4-8CA4-4F75-A518-53DF746A0DAE}.Release|Any CPU.Build.0 = Release|Any CPU
	EndGlobalSection
	GlobalSection(SolutionProperties) = preSolution
		HideSolutionNode = FALSE
	EndGlobalSection
	GlobalSection(ExtensibilityGlobals) = postSolution
		SolutionGuid = {4373BE8B-F772-4152-87BB-E98910FA7A28}
	EndGlobalSection
EndGlobal
