
Microsoft Visual Studio Solution File, Format Version 12.00
# Visual Studio Version 17
VisualStudioVersion = 17.10.34916.146
MinimumVisualStudioVersion = 10.0.40219.1
Project("{FAE04EC0-301F-11D3-BF4B-00C04F79EFBC}") = "DAL", "DAL\DAL.csproj", "{082B2071-F80A-461D-A527-CF456E981C2F}"
EndProject
Project("{FAE04EC0-301F-11D3-BF4B-00C04F79EFBC}") = "Entities", "Entities\Entities.csproj", "{1FFB6994-530C-4C9E-94EC-EA79B19B0300}"
EndProject
Global
	GlobalSection(SolutionConfigurationPlatforms) = preSolution
		Debug|Any CPU = Debug|Any CPU
		Release|Any CPU = Release|Any CPU
	EndGlobalSection
	GlobalSection(ProjectConfigurationPlatforms) = postSolution
		{082B2071-F80A-461D-A527-CF456E981C2F}.Debug|Any CPU.ActiveCfg = Debug|Any CPU
		{082B2071-F80A-461D-A527-CF456E981C2F}.Debug|Any CPU.Build.0 = Debug|Any CPU
		{082B2071-F80A-461D-A527-CF456E981C2F}.Release|Any CPU.ActiveCfg = Release|Any CPU
		{082B2071-F80A-461D-A527-CF456E981C2F}.Release|Any CPU.Build.0 = Release|Any CPU
		{1FFB6994-530C-4C9E-94EC-EA79B19B0300}.Debug|Any CPU.ActiveCfg = Debug|Any CPU
		{1FFB6994-530C-4C9E-94EC-EA79B19B0300}.Debug|Any CPU.Build.0 = Debug|Any CPU
		{1FFB6994-530C-4C9E-94EC-EA79B19B0300}.Release|Any CPU.ActiveCfg = Release|Any CPU
		{1FFB6994-530C-4C9E-94EC-EA79B19B0300}.Release|Any CPU.Build.0 = Release|Any CPU
	EndGlobalSection
	GlobalSection(SolutionProperties) = preSolution
		HideSolutionNode = FALSE
	EndGlobalSection
	GlobalSection(ExtensibilityGlobals) = postSolution
		SolutionGuid = {B51B2BBF-F078-467E-B868-F38CCC9A78EE}
	EndGlobalSection
EndGlobal
